# FlexiChrono 全量依赖精确冻结（传递依赖也锁定版本，用于逐字节复现构建）
# 生成: pip freeze；安装: pip install -r requirements.lock
# 说明: 带 C 扩展的包会在目标平台(python:3.10-slim)自动选用对应 wheel，版本号约束不变
# 日常开发用 requirements.txt(大版本区间)；正式发布镜像建议用本文件锁定

aiohappyeyeballs==2.7.1
aiohttp==3.14.3
aiosignal==1.4.0
annotated-doc==0.0.5
annotated-types==0.8.0
anyio==4.15.1
attrs==26.1.0
bcrypt==5.0.0
certifi==2026.7.22
click==8.5.0
edge-tts==7.2.8
fastapi==0.141.1
frozenlist==1.8.0
h11==0.16.0
h2==4.4.1
hpack==4.2.0
httpcore==1.0.9
httptools==0.8.0
httpx==0.28.1
hyperframe==6.1.0
idna==3.19
jieba==0.42.1
msgspec==0.21.1
multidict==6.7.1
orjson==3.12.0
pinecone==10.0.0
propcache==0.5.2
pydantic==2.13.5
pydantic_core==2.46.5
python-dotenv==1.2.3
python-multipart==0.0.32
PyYAML==6.0.3
starlette==1.6.0
tabulate==0.10.0
typing-inspection==0.4.4
typing_extensions==4.16.0
uvicorn==0.52.4
watchfiles==1.2.0
websockets==17.1
yarl==1.24.5
